
Microsoft Visual Studio Solution File, Format Version 12.00
# Visual Studio 2012
# SharpDevelop 5.1
VisualStudioVersion = 16.0.29609.76
MinimumVisualStudioVersion = 10.0.40219.1
Project("{FAE04EC0-301F-11D3-BF4B-00C04F79EFBC}") = "GUIBuilder", "GUIBuilder.csproj", "{71DB0BAB-5FAE-48C5-8C0E-4481ED75F9DB}"
EndProject
Project("{2150E333-8FDC-42A3-9474-1A3956D46DE8}") = "Solution Items", "Solution Items", "{87AC8AC5-23CE-4A56-9718-A9DEC99FEEBD}"
	ProjectSection(SolutionItems) = preProject
		.editorconfig = .editorconfig
	EndProjectSection
EndProject
Global
	GlobalSection(SolutionConfigurationPlatforms) = preSolution
		Debug|Any CPU = Debug|Any CPU
		Release|Any CPU = Release|Any CPU
	EndGlobalSection
	GlobalSection(ProjectConfigurationPlatforms) = postSolution
		{71DB0BAB-5FAE-48C5-8C0E-4481ED75F9DB}.Debug|Any CPU.ActiveCfg = Debug|Any CPU
		{71DB0BAB-5FAE-48C5-8C0E-4481ED75F9DB}.Debug|Any CPU.Build.0 = Debug|Any CPU
		{71DB0BAB-5FAE-48C5-8C0E-4481ED75F9DB}.Release|Any CPU.ActiveCfg = Release|Any CPU
		{71DB0BAB-5FAE-48C5-8C0E-4481ED75F9DB}.Release|Any CPU.Build.0 = Release|Any CPU
	EndGlobalSection
	GlobalSection(SolutionProperties) = preSolution
		HideSolutionNode = FALSE
	EndGlobalSection
	GlobalSection(ExtensibilityGlobals) = postSolution
		SolutionGuid = {F450BAC6-5DB1-4E95-86B0-4DC3806A9115}
	EndGlobalSection
EndGlobal
